<?xml version="1.0" encoding="utf-8"?>
<Project ToolsVersion="4.0" xmlns="http://schemas.microsoft.com/developer/msbuild/2003">
  <ItemGroup>
    <ClCompile Include="api_gnm\toolkit\shader_loader.cpp" />
    <ClCompile Include="AudioManager.cpp" />
    <ClCompile Include="CCamera.cpp" />
    <ClCompile Include="controller.cpp" />
    <ClCompile Include="font_memory_malloc.c" />
    <ClCompile Include="font_memory_mspace.c" />
    <ClCompile Include="GameObject.cpp" />
    <ClCompile Include="GameOver.cpp" />
    <ClCompile Include="GNFLoader.cpp" />
    <ClCompile Include="LevelScene.cpp" />
    <ClCompile Include="main.cpp" />
    <ClCompile Include="MainMenu.cpp" />
    <ClCompile Include="Model.cpp" />
    <ClCompile Include="physicseffects\pfx_rigidbody_world.cpp" />
    <ClCompile Include="PhysicsEngine.cpp" />
    <ClCompile Include="Render.cpp" />
    <ClCompile Include="Rigidbody.cpp" />
    <ClCompile Include="Scene.cpp" />
    <ClCompile Include="SceneManager.cpp" />
    <ClCompile Include="Terrain.cpp" />
    <ClCompile Include="TextLabel.cpp" />
    <ClCompile Include="Utils.cpp" />
    <ClCompile Include="camera.cpp" />
  </ItemGroup>
  <ItemGroup>
    <ClInclude Include="allocator.h" />
    <ClInclude Include="AudioManager.h" />
    <ClInclude Include="CCamera.h" />
    <ClInclude Include="controller.h" />
    <ClInclude Include="font_memory_malloc.h" />
    <ClInclude Include="font_memory_mspace.h" />
    <ClInclude Include="GameObject.h" />
    <ClInclude Include="GameOver.h" />
    <ClInclude Include="GNFLoader.h" />
    <ClInclude Include="LevelScene.h" />
    <ClInclude Include="MainMenu.h" />
    <ClInclude Include="Model.h" />
    <ClInclude Include="physicseffects\pfx_high_level_include.h" />
    <ClInclude Include="physicseffects\pfx_rigidbody_world.h" />
    <ClInclude Include="physicseffects\pfx_rigidbody_world_implementation.h" />
    <ClInclude Include="PhysicsEngine.h" />
    <ClInclude Include="Render.h" />
    <ClInclude Include="rigidbody.h" />
    <ClInclude Include="Scene.h" />
    <ClInclude Include="SceneManager.h" />
    <ClInclude Include="shader_loader.h" />
    <ClInclude Include="std_cbuffer.h" />
    <ClInclude Include="Terrain.h" />
    <ClInclude Include="TextLabel.h" />
    <ClInclude Include="Utils.h" />
    <ClInclude Include="camera.h" />
  </ItemGroup>
  <ItemGroup>
    <OrbisWavePsslc Include="CMshader_p.pssl" />
    <OrbisWavePsslc Include="CMshader_vv.pssl" />
    <OrbisWavePsslc Include="NoTexshader_p.pssl" />
    <OrbisWavePsslc Include="NoTexshader_vv.pssl" />
    <OrbisWavePsslc Include="shader_p.pssl" />
    <OrbisWavePsslc Include="shader_vv.pssl" />
    <OrbisWavePsslc Include="TextShader_p.pssl" />
  </ItemGroup>
  <ItemGroup>
    <None Include="vsoutput.hs" />
  </ItemGroup>
</Project>