<?xml version="1.0" encoding="utf-8"?>
<Project ToolsVersion="4.0" xmlns="http://schemas.microsoft.com/developer/msbuild/2003">
  <ItemGroup>
    <Filter Include="Source Files">
      <UniqueIdentifier>{4FC737F1-C7A5-4376-A066-2A32D752A2FF}</UniqueIdentifier>
      <Extensions>cpp;c;cxx;cc;s;asm</Extensions>
    </Filter>
    <Filter Include="Header Files">
      <UniqueIdentifier>{93995380-89BD-4b04-88EB-625FBE52EBFB}</UniqueIdentifier>
      <Extensions>h;hpp</Extensions>
    </Filter>
    <Filter Include="shader">
      <UniqueIdentifier>{ac07509a-9d0c-4f65-85c9-a64490de4480}</UniqueIdentifier>
    </Filter>
    <Filter Include="Header Files\Levels">
      <UniqueIdentifier>{010ca823-caac-43ef-968a-bc99805a0fbc}</UniqueIdentifier>
    </Filter>
    <Filter Include="Header Files\Levels\LevelScene">
      <UniqueIdentifier>{aa1eeea3-fc0b-4ca9-b9ac-886e9dbcd612}</UniqueIdentifier>
    </Filter>
    <Filter Include="Header Files\Levels\MainMenu">
      <UniqueIdentifier>{f6460863-1e2b-43d8-b87d-64c91c7e8f0c}</UniqueIdentifier>
    </Filter>
    <Filter Include="Header Files\Levels\Gameover">
      <UniqueIdentifier>{107b551a-5b17-4139-b5dd-2e0c86d24994}</UniqueIdentifier>
    </Filter>
  </ItemGroup>
  <ItemGroup>
    <ClCompile Include="main.cpp">
      <Filter>Source Files</Filter>
    </ClCompile>
    <ClCompile Include="Model.cpp">
      <Filter>Source Files</Filter>
    </ClCompile>
    <ClCompile Include="Render.cpp">
      <Filter>Source Files</Filter>
    </ClCompile>
    <ClCompile Include="Utils.cpp">
      <Filter>Source Files</Filter>
    </ClCompile>
    <ClCompile Include="GNFLoader.cpp">
      <Filter>Source Files</Filter>
    </ClCompile>
    <ClCompile Include="api_gnm\toolkit\shader_loader.cpp">
      <Filter>Source Files</Filter>
    </ClCompile>
    <ClCompile Include="controller.cpp">
      <Filter>Source Files</Filter>
    </ClCompile>
    <ClCompile Include="CCamera.cpp">
      <Filter>Source Files</Filter>
    </ClCompile>
    <ClCompile Include="Terrain.cpp">
      <Filter>Source Files</Filter>
    </ClCompile>
    <ClCompile Include="AudioManager.cpp">
      <Filter>Source Files</Filter>
    </ClCompile>
    <ClCompile Include="TextLabel.cpp">
      <Filter>Source Files</Filter>
    </ClCompile>
    <ClCompile Include="font_memory_malloc.c">
      <Filter>Source Files</Filter>
    </ClCompile>
    <ClCompile Include="font_memory_mspace.c">
      <Filter>Source Files</Filter>
    </ClCompile>
    <ClCompile Include="PhysicsEngine.cpp">
      <Filter>Source Files</Filter>
    </ClCompile>
    <ClCompile Include="physicseffects\pfx_rigidbody_world.cpp">
      <Filter>Source Files</Filter>
    </ClCompile>
    <ClCompile Include="SceneManager.cpp">
      <Filter>Source Files</Filter>
    </ClCompile>
    <ClCompile Include="Rigidbody.cpp">
      <Filter>Source Files</Filter>
    </ClCompile>
    <ClCompile Include="Scene.cpp">
      <Filter>Source Files</Filter>
    </ClCompile>
    <ClCompile Include="LevelScene.cpp">
      <Filter>Header Files\Levels\LevelScene</Filter>
    </ClCompile>
    <ClCompile Include="MainMenu.cpp">
      <Filter>Header Files\Levels\MainMenu</Filter>
    </ClCompile>
  </ItemGroup>
  <ItemGroup>
    <OrbisWavePsslc Include="shader_vv.pssl">
      <Filter>shader</Filter>
    </OrbisWavePsslc>
    <OrbisWavePsslc Include="shader_p.pssl">
      <Filter>shader</Filter>
    </OrbisWavePsslc>
    <OrbisWavePsslc Include="CMshader_p.pssl">
      <Filter>shader</Filter>
    </OrbisWavePsslc>
    <OrbisWavePsslc Include="CMshader_vv.pssl">
      <Filter>shader</Filter>
    </OrbisWavePsslc>
    <OrbisWavePsslc Include="NoTexshader_p.pssl">
      <Filter>shader</Filter>
    </OrbisWavePsslc>
    <OrbisWavePsslc Include="NoTexshader_vv.pssl">
      <Filter>shader</Filter>
    </OrbisWavePsslc>
    <OrbisWavePsslc Include="TextShader_p.pssl">
      <Filter>shader</Filter>
    </OrbisWavePsslc>
  </ItemGroup>
  <ItemGroup>
    <None Include="vsoutput.hs">
      <Filter>shader</Filter>
    </None>
  </ItemGroup>
  <ItemGroup>
    <ClInclude Include="GNFLoader.h">
      <Filter>Header Files</Filter>
    </ClInclude>
    <ClInclude Include="shader_loader.h">
      <Filter>Header Files</Filter>
    </ClInclude>
    <ClInclude Include="std_cbuffer.h">
      <Filter>Header Files</Filter>
    </ClInclude>
    <ClInclude Include="allocator.h">
      <Filter>Header Files</Filter>
    </ClInclude>
    <ClInclude Include="controller.h">
      <Filter>Header Files</Filter>
    </ClInclude>
    <ClInclude Include="CCamera.h">
      <Filter>Header Files</Filter>
    </ClInclude>
    <ClInclude Include="Model.h">
      <Filter>Header Files</Filter>
    </ClInclude>
    <ClInclude Include="Render.h">
      <Filter>Header Files</Filter>
    </ClInclude>
    <ClInclude Include="Utils.h">
      <Filter>Header Files</Filter>
    </ClInclude>
    <ClInclude Include="Terrain.h">
      <Filter>Header Files</Filter>
    </ClInclude>
    <ClInclude Include="AudioManager.h">
      <Filter>Header Files</Filter>
    </ClInclude>
    <ClInclude Include="TextLabel.h">
      <Filter>Header Files</Filter>
    </ClInclude>
    <ClInclude Include="font_memory_malloc.h">
      <Filter>Header Files</Filter>
    </ClInclude>
    <ClInclude Include="font_memory_mspace.h">
      <Filter>Header Files</Filter>
    </ClInclude>
    <ClInclude Include="PhysicsEngine.h">
      <Filter>Header Files</Filter>
    </ClInclude>
    <ClInclude Include="SceneManager.h">
      <Filter>Header Files</Filter>
    </ClInclude>
    <ClInclude Include="physicseffects\pfx_high_level_include.h">
      <Filter>Header Files</Filter>
    </ClInclude>
    <ClInclude Include="physicseffects\pfx_rigidbody_world.h">
      <Filter>Header Files</Filter>
    </ClInclude>
    <ClInclude Include="physicseffects\pfx_rigidbody_world_implementation.h">
      <Filter>Header Files</Filter>
    </ClInclude>
    <ClInclude Include="rigidbody.h">
      <Filter>Header Files</Filter>
    </ClInclude>
    <ClInclude Include="GameObject.h">
      <Filter>Header Files</Filter>
    </ClInclude>
    <ClInclude Include="Scene.h">
      <Filter>Header Files</Filter>
    </ClInclude>
    <ClInclude Include="LevelScene.h">
      <Filter>Header Files\Levels\LevelScene</Filter>
    </ClInclude>
    <ClInclude Include="MainMenu.h">
      <Filter>Header Files\Levels\MainMenu</Filter>
    </ClInclude>
  </ItemGroup>
</Project>